github.com/royngl22/go-say-hello-module v1.0.0 h1:KoTjOV9EWwclFmKooTp0ubw0r5nw9FRn0i7dV2XJRYQ=
github.com/royngl22/go-say-hello-module v1.0.0/go.mod h1:ZpsVmeEtcXQrGnOX/dFI5pTYiT7g2iEV+ia7+WesLz8=
github.com/royngl22/go-say-hello-module v1.5.0 h1:+am5DsCPLweiebXPpLc9ILpQ97CYNenJNk8n3+HzemE=
github.com/royngl22/go-say-hello-module v1.5.0/go.mod h1:ZpsVmeEtcXQrGnOX/dFI5pTYiT7g2iEV+ia7+WesLz8=
